
Microsoft Visual Studio Solution File, Format Version 12.00
# Visual Studio Version 16
VisualStudioVersion = 16.0.29025.244
MinimumVisualStudioVersion = 10.0.40219.1
Project("{8BC9CEB8-8B4A-11D0-8D11-00A0C91BC942}") = "Kata_002", "Kata_002.vcxproj", "{29FE89F3-9F01-43C8-B363-B899E8FC2D8D}"
EndProject
Global
	GlobalSection(SolutionConfigurationPlatforms) = preSolution
		Debug|x64 = Debug|x64
		Debug|x86 = Debug|x86
		Release|x64 = Release|x64
		Release|x86 = Release|x86
	EndGlobalSection
	GlobalSection(ProjectConfigurationPlatforms) = postSolution
		{29FE89F3-9F01-43C8-B363-B899E8FC2D8D}.Debug|x64.ActiveCfg = Debug|x64
		{29FE89F3-9F01-43C8-B363-B899E8FC2D8D}.Debug|x64.Build.0 = Debug|x64
		{29FE89F3-9F01-43C8-B363-B899E8FC2D8D}.Debug|x86.ActiveCfg = Debug|Win32
		{29FE89F3-9F01-43C8-B363-B899E8FC2D8D}.Debug|x86.Build.0 = Debug|Win32
		{29FE89F3-9F01-43C8-B363-B899E8FC2D8D}.Release|x64.ActiveCfg = Release|x64
		{29FE89F3-9F01-43C8-B363-B899E8FC2D8D}.Release|x64.Build.0 = Release|x64
		{29FE89F3-9F01-43C8-B363-B899E8FC2D8D}.Release|x86.ActiveCfg = Release|Win32
		{29FE89F3-9F01-43C8-B363-B899E8FC2D8D}.Release|x86.Build.0 = Release|Win32
	EndGlobalSection
	GlobalSection(SolutionProperties) = preSolution
		HideSolutionNode = FALSE
	EndGlobalSection
	GlobalSection(ExtensibilityGlobals) = postSolution
		SolutionGuid = {FAAE4D41-7350-469C-BF65-C9BE15892EE8}
	EndGlobalSection
EndGlobal
